
Microsoft Visual Studio Solution File, Format Version 12.00
# Visual Studio Version 16
VisualStudioVersion = 16.0.31515.178
MinimumVisualStudioVersion = 10.0.40219.1
Project("{FAE04EC0-301F-11D3-BF4B-00C04F79EFBC}") = "booktickets", "booktickets.csproj", "{0588F499-D372-4C2A-9B81-C3F3C435C33B}"
EndProject
Global
	GlobalSection(SolutionConfigurationPlatforms) = preSolution
		Debug|Any CPU = Debug|Any CPU
		Release|Any CPU = Release|Any CPU
	EndGlobalSection
	GlobalSection(ProjectConfigurationPlatforms) = postSolution
		{0588F499-D372-4C2A-9B81-C3F3C435C33B}.Debug|Any CPU.ActiveCfg = Debug|Any CPU
		{0588F499-D372-4C2A-9B81-C3F3C435C33B}.Debug|Any CPU.Build.0 = Debug|Any CPU
		{0588F499-D372-4C2A-9B81-C3F3C435C33B}.Release|Any CPU.ActiveCfg = Release|Any CPU
		{0588F499-D372-4C2A-9B81-C3F3C435C33B}.Release|Any CPU.Build.0 = Release|Any CPU
	EndGlobalSection
	GlobalSection(SolutionProperties) = preSolution
		HideSolutionNode = FALSE
	EndGlobalSection
	GlobalSection(ExtensibilityGlobals) = postSolution
		SolutionGuid = {B425C6F4-EECE-46A2-B7D0-3514A268CC8D}
	EndGlobalSection
EndGlobal
